{
  "name": "@drumwork/base",
  "version": "0.0.1",
  "lockfileVersion": 2,
  "requires": true,
  "packages": {
    "": {
      "name": "@drumwork/base",
      "version": "0.0.1",
      "dependencies": {
        "chalk": "^5.0.0",
        "minimist": "^1.2.5"
      },
      "bin": {
        "base": "make/base.js"
      }
    },
    "../../../lance/code/link-parser.js": {
      "name": "@lancejpollard/link-parser.js",
      "version": "0.0.1",
      "extraneous": true
    },
    "../../../lance/code/normalize-ast.js": {
      "name": "@lancejpollard/normalize-ast.js",
      "version": "0.0.3",
      "extraneous": true,
      "dependencies": {
        "acorn": "^8.5.0"
      }
    },
    "node_modules/chalk": {
      "version": "5.0.0",
      "resolved": "https://registry.npmjs.org/chalk/-/chalk-5.0.0.tgz",
      "integrity": "sha512-/duVOqst+luxCQRKEo4bNxinsOQtMP80ZYm7mMqzuh5PociNL0PvmHFvREJ9ueYL2TxlHjBcmLCdmocx9Vg+IQ==",
      "engines": {
        "node": "^12.17.0 || ^14.13 || >=16.0.0"
      },
      "funding": {
        "url": "https://github.com/chalk/chalk?sponsor=1"
      }
    },
    "node_modules/minimist": {
      "version": "1.2.5",
      "resolved": "https://registry.npmjs.org/minimist/-/minimist-1.2.5.tgz",
      "integrity": "sha512-FM9nNUYrRBAELZQT3xeZQ7fmMOBg6nWNmJKTcgsJeaLstP/UODVpGsr5OhXhhXg6f+qtJ8uiZ+PUxkDWcgIXLw=="
    },
    "rise/browser": {
      "name": "@drumwork/rise.browser.js",
      "extraneous": true
    }
  },
  "dependencies": {
    "chalk": {
      "version": "5.0.0",
      "resolved": "https://registry.npmjs.org/chalk/-/chalk-5.0.0.tgz",
      "integrity": "sha512-/duVOqst+luxCQRKEo4bNxinsOQtMP80ZYm7mMqzuh5PociNL0PvmHFvREJ9ueYL2TxlHjBcmLCdmocx9Vg+IQ=="
    },
    "minimist": {
      "version": "1.2.5",
      "resolved": "https://registry.npmjs.org/minimist/-/minimist-1.2.5.tgz",
      "integrity": "sha512-FM9nNUYrRBAELZQT3xeZQ7fmMOBg6nWNmJKTcgsJeaLstP/UODVpGsr5OhXhhXg6f+qtJ8uiZ+PUxkDWcgIXLw=="
    }
  }
}
